
Microsoft Visual Studio Solution File, Format Version 12.00
# Visual Studio Version 17
VisualStudioVersion = 17.5.33516.290
MinimumVisualStudioVersion = 10.0.40219.1
Project("{FAE04EC0-301F-11D3-BF4B-00C04F79EFBC}") = "WpfAppTR", "WpfAppTR\WpfAppTR.csproj", "{61D10D8F-09BD-4A10-81C5-45984728F754}"
EndProject
Global
	GlobalSection(SolutionConfigurationPlatforms) = preSolution
		Debug|Any CPU = Debug|Any CPU
		Release|Any CPU = Release|Any CPU
	EndGlobalSection
	GlobalSection(ProjectConfigurationPlatforms) = postSolution
		{61D10D8F-09BD-4A10-81C5-45984728F754}.Debug|Any CPU.ActiveCfg = Debug|Any CPU
		{61D10D8F-09BD-4A10-81C5-45984728F754}.Debug|Any CPU.Build.0 = Debug|Any CPU
		{61D10D8F-09BD-4A10-81C5-45984728F754}.Release|Any CPU.ActiveCfg = Release|Any CPU
		{61D10D8F-09BD-4A10-81C5-45984728F754}.Release|Any CPU.Build.0 = Release|Any CPU
	EndGlobalSection
	GlobalSection(SolutionProperties) = preSolution
		HideSolutionNode = FALSE
	EndGlobalSection
	GlobalSection(ExtensibilityGlobals) = postSolution
		SolutionGuid = {15640BDB-E507-4D3D-8B9E-C9597456BA7D}
	EndGlobalSection
EndGlobal
